
Microsoft Visual Studio Solution File, Format Version 12.00
# Visual Studio 15
Project("{FAE04EC0-301F-11D3-BF4B-00C04F79EFBC}") = "iBakePancakes.Android", "iBakePancakes.Android\iBakePancakes.Android.csproj", "{4F0F7A72-1048-4692-A020-392331B1D84B}"
EndProject
Project("{FAE04EC0-301F-11D3-BF4B-00C04F79EFBC}") = "iBakePancakes.iOS", "iBakePancakes.iOS\iBakePancakes.iOS.csproj", "{8638AB4A-F8EE-4867-B9B5-96B9A14B0412}"
EndProject
Project("{FAE04EC0-301F-11D3-BF4B-00C04F79EFBC}") = "iBakePancakes", "iBakePancakes\iBakePancakes.csproj", "{E521B813-45B4-469D-9846-ECCC50829801}"
EndProject
Global
	GlobalSection(SolutionConfigurationPlatforms) = preSolution
		Debug|Any CPU = Debug|Any CPU
		Release|Any CPU = Release|Any CPU
		Debug|iPhoneSimulator = Debug|iPhoneSimulator
		Release|iPhoneSimulator = Release|iPhoneSimulator
		Debug|iPhone = Debug|iPhone
		Release|iPhone = Release|iPhone
	EndGlobalSection
	GlobalSection(ProjectConfigurationPlatforms) = postSolution
		{4F0F7A72-1048-4692-A020-392331B1D84B}.Debug|Any CPU.ActiveCfg = Debug|Any CPU
		{4F0F7A72-1048-4692-A020-392331B1D84B}.Debug|Any CPU.Build.0 = Debug|Any CPU
		{4F0F7A72-1048-4692-A020-392331B1D84B}.Release|Any CPU.ActiveCfg = Release|Any CPU
		{4F0F7A72-1048-4692-A020-392331B1D84B}.Release|Any CPU.Build.0 = Release|Any CPU
		{4F0F7A72-1048-4692-A020-392331B1D84B}.Debug|iPhoneSimulator.ActiveCfg = Debug|Any CPU
		{4F0F7A72-1048-4692-A020-392331B1D84B}.Debug|iPhoneSimulator.Build.0 = Debug|Any CPU
		{4F0F7A72-1048-4692-A020-392331B1D84B}.Release|iPhoneSimulator.ActiveCfg = Release|Any CPU
		{4F0F7A72-1048-4692-A020-392331B1D84B}.Release|iPhoneSimulator.Build.0 = Release|Any CPU
		{4F0F7A72-1048-4692-A020-392331B1D84B}.Debug|iPhone.ActiveCfg = Debug|Any CPU
		{4F0F7A72-1048-4692-A020-392331B1D84B}.Debug|iPhone.Build.0 = Debug|Any CPU
		{4F0F7A72-1048-4692-A020-392331B1D84B}.Release|iPhone.ActiveCfg = Release|Any CPU
		{4F0F7A72-1048-4692-A020-392331B1D84B}.Release|iPhone.Build.0 = Release|Any CPU
		{8638AB4A-F8EE-4867-B9B5-96B9A14B0412}.Debug|Any CPU.ActiveCfg = Debug|iPhoneSimulator
		{8638AB4A-F8EE-4867-B9B5-96B9A14B0412}.Debug|Any CPU.Build.0 = Debug|iPhoneSimulator
		{8638AB4A-F8EE-4867-B9B5-96B9A14B0412}.Release|Any CPU.ActiveCfg = Release|iPhoneSimulator
		{8638AB4A-F8EE-4867-B9B5-96B9A14B0412}.Release|Any CPU.Build.0 = Release|iPhoneSimulator
		{8638AB4A-F8EE-4867-B9B5-96B9A14B0412}.Debug|iPhoneSimulator.ActiveCfg = Debug|iPhoneSimulator
		{8638AB4A-F8EE-4867-B9B5-96B9A14B0412}.Debug|iPhoneSimulator.Build.0 = Debug|iPhoneSimulator
		{8638AB4A-F8EE-4867-B9B5-96B9A14B0412}.Release|iPhoneSimulator.ActiveCfg = Release|iPhoneSimulator
		{8638AB4A-F8EE-4867-B9B5-96B9A14B0412}.Release|iPhoneSimulator.Build.0 = Release|iPhoneSimulator
		{8638AB4A-F8EE-4867-B9B5-96B9A14B0412}.Debug|iPhone.ActiveCfg = Debug|iPhone
		{8638AB4A-F8EE-4867-B9B5-96B9A14B0412}.Debug|iPhone.Build.0 = Debug|iPhone
		{8638AB4A-F8EE-4867-B9B5-96B9A14B0412}.Release|iPhone.ActiveCfg = Release|iPhone
		{8638AB4A-F8EE-4867-B9B5-96B9A14B0412}.Release|iPhone.Build.0 = Release|iPhone
		{E521B813-45B4-469D-9846-ECCC50829801}.Debug|Any CPU.ActiveCfg = Debug|Any CPU
		{E521B813-45B4-469D-9846-ECCC50829801}.Debug|Any CPU.Build.0 = Debug|Any CPU
		{E521B813-45B4-469D-9846-ECCC50829801}.Release|Any CPU.ActiveCfg = Release|Any CPU
		{E521B813-45B4-469D-9846-ECCC50829801}.Release|Any CPU.Build.0 = Release|Any CPU
		{E521B813-45B4-469D-9846-ECCC50829801}.Debug|iPhoneSimulator.ActiveCfg = Debug|Any CPU
		{E521B813-45B4-469D-9846-ECCC50829801}.Debug|iPhoneSimulator.Build.0 = Debug|Any CPU
		{E521B813-45B4-469D-9846-ECCC50829801}.Release|iPhoneSimulator.ActiveCfg = Release|Any CPU
		{E521B813-45B4-469D-9846-ECCC50829801}.Release|iPhoneSimulator.Build.0 = Release|Any CPU
		{E521B813-45B4-469D-9846-ECCC50829801}.Debug|iPhone.ActiveCfg = Debug|Any CPU
		{E521B813-45B4-469D-9846-ECCC50829801}.Debug|iPhone.Build.0 = Debug|Any CPU
		{E521B813-45B4-469D-9846-ECCC50829801}.Release|iPhone.ActiveCfg = Release|Any CPU
		{E521B813-45B4-469D-9846-ECCC50829801}.Release|iPhone.Build.0 = Release|Any CPU
	EndGlobalSection
EndGlobal
